
Microsoft Visual Studio Solution File, Format Version 12.00
# Visual Studio Version 16
VisualStudioVersion = 16.0.31112.23
MinimumVisualStudioVersion = 10.0.40219.1
Project("{FAE04EC0-301F-11D3-BF4B-00C04F79EFBC}") = "Blog.UI", "Blog.UI\Blog.UI.csproj", "{9BF9D186-186F-4FCA-A37D-1F1EA6922553}"
EndProject
Project("{FAE04EC0-301F-11D3-BF4B-00C04F79EFBC}") = "Blog.BLL", "Blog.BLL\Blog.BLL.csproj", "{D09D81CF-D13F-44F3-8890-4B21FFBEE6DB}"
EndProject
Project("{FAE04EC0-301F-11D3-BF4B-00C04F79EFBC}") = "Blog.Helper", "Blog.Helper\Blog.Helper.csproj", "{CDA68D76-1138-43E7-A705-88361A25F8D7}"
EndProject
Project("{FAE04EC0-301F-11D3-BF4B-00C04F79EFBC}") = "Blog.Model", "Blog.Model\Blog.Model.csproj", "{A03D6930-5255-4CD3-99EC-8B7FCBA49BE3}"
EndProject
Project("{FAE04EC0-301F-11D3-BF4B-00C04F79EFBC}") = "Blog.Entity", "Blog.Entity\Blog.Entity.csproj", "{469C609E-6452-4603-886E-E81EBF93E035}"
EndProject
Project("{FAE04EC0-301F-11D3-BF4B-00C04F79EFBC}") = "Blog.Data", "Blog.Data\Blog.Data.csproj", "{1F4CC18D-84F5-4B87-B6E9-E6F5CE36A673}"
EndProject
Global
	GlobalSection(SolutionConfigurationPlatforms) = preSolution
		Debug|Any CPU = Debug|Any CPU
		Release|Any CPU = Release|Any CPU
	EndGlobalSection
	GlobalSection(ProjectConfigurationPlatforms) = postSolution
		{9BF9D186-186F-4FCA-A37D-1F1EA6922553}.Debug|Any CPU.ActiveCfg = Debug|Any CPU
		{9BF9D186-186F-4FCA-A37D-1F1EA6922553}.Debug|Any CPU.Build.0 = Debug|Any CPU
		{9BF9D186-186F-4FCA-A37D-1F1EA6922553}.Release|Any CPU.ActiveCfg = Release|Any CPU
		{9BF9D186-186F-4FCA-A37D-1F1EA6922553}.Release|Any CPU.Build.0 = Release|Any CPU
		{D09D81CF-D13F-44F3-8890-4B21FFBEE6DB}.Debug|Any CPU.ActiveCfg = Debug|Any CPU
		{D09D81CF-D13F-44F3-8890-4B21FFBEE6DB}.Debug|Any CPU.Build.0 = Debug|Any CPU
		{D09D81CF-D13F-44F3-8890-4B21FFBEE6DB}.Release|Any CPU.ActiveCfg = Release|Any CPU
		{D09D81CF-D13F-44F3-8890-4B21FFBEE6DB}.Release|Any CPU.Build.0 = Release|Any CPU
		{CDA68D76-1138-43E7-A705-88361A25F8D7}.Debug|Any CPU.ActiveCfg = Debug|Any CPU
		{CDA68D76-1138-43E7-A705-88361A25F8D7}.Debug|Any CPU.Build.0 = Debug|Any CPU
		{CDA68D76-1138-43E7-A705-88361A25F8D7}.Release|Any CPU.ActiveCfg = Release|Any CPU
		{CDA68D76-1138-43E7-A705-88361A25F8D7}.Release|Any CPU.Build.0 = Release|Any CPU
		{A03D6930-5255-4CD3-99EC-8B7FCBA49BE3}.Debug|Any CPU.ActiveCfg = Debug|Any CPU
		{A03D6930-5255-4CD3-99EC-8B7FCBA49BE3}.Debug|Any CPU.Build.0 = Debug|Any CPU
		{A03D6930-5255-4CD3-99EC-8B7FCBA49BE3}.Release|Any CPU.ActiveCfg = Release|Any CPU
		{A03D6930-5255-4CD3-99EC-8B7FCBA49BE3}.Release|Any CPU.Build.0 = Release|Any CPU
		{469C609E-6452-4603-886E-E81EBF93E035}.Debug|Any CPU.ActiveCfg = Debug|Any CPU
		{469C609E-6452-4603-886E-E81EBF93E035}.Debug|Any CPU.Build.0 = Debug|Any CPU
		{469C609E-6452-4603-886E-E81EBF93E035}.Release|Any CPU.ActiveCfg = Release|Any CPU
		{469C609E-6452-4603-886E-E81EBF93E035}.Release|Any CPU.Build.0 = Release|Any CPU
		{1F4CC18D-84F5-4B87-B6E9-E6F5CE36A673}.Debug|Any CPU.ActiveCfg = Debug|Any CPU
		{1F4CC18D-84F5-4B87-B6E9-E6F5CE36A673}.Debug|Any CPU.Build.0 = Debug|Any CPU
		{1F4CC18D-84F5-4B87-B6E9-E6F5CE36A673}.Release|Any CPU.ActiveCfg = Release|Any CPU
		{1F4CC18D-84F5-4B87-B6E9-E6F5CE36A673}.Release|Any CPU.Build.0 = Release|Any CPU
	EndGlobalSection
	GlobalSection(SolutionProperties) = preSolution
		HideSolutionNode = FALSE
	EndGlobalSection
	GlobalSection(ExtensibilityGlobals) = postSolution
		SolutionGuid = {D62D3185-B191-4452-A4AF-15A748C06BF4}
	EndGlobalSection
EndGlobal
